
Microsoft Visual Studio Solution File, Format Version 12.00
# Visual Studio 15
VisualStudioVersion = 15.0.28307.421
MinimumVisualStudioVersion = 10.0.40219.1
Project("{9A19103F-16F7-4668-BE54-9A1E7A4F7556}") = "Talk", "Talk\Talk.csproj", "{CA9D0625-60B1-4E79-BB51-0B3E75A74D6C}"
EndProject
Project("{FAE04EC0-301F-11D3-BF4B-00C04F79EFBC}") = "Vanquis.Digital.Ivan.Dialog", "Vanquis.Digital.Ivan.Dialog\Vanquis.Digital.Ivan.Dialog.csproj", "{EAC5DADD-08E7-4EE3-B01D-41B0E243136C}"
EndProject
Global
	GlobalSection(SolutionConfigurationPlatforms) = preSolution
		Debug|Any CPU = Debug|Any CPU
		Release|Any CPU = Release|Any CPU
	EndGlobalSection
	GlobalSection(ProjectConfigurationPlatforms) = postSolution
		{CA9D0625-60B1-4E79-BB51-0B3E75A74D6C}.Debug|Any CPU.ActiveCfg = Debug|Any CPU
		{CA9D0625-60B1-4E79-BB51-0B3E75A74D6C}.Debug|Any CPU.Build.0 = Debug|Any CPU
		{CA9D0625-60B1-4E79-BB51-0B3E75A74D6C}.Release|Any CPU.ActiveCfg = Release|Any CPU
		{CA9D0625-60B1-4E79-BB51-0B3E75A74D6C}.Release|Any CPU.Build.0 = Release|Any CPU
		{EAC5DADD-08E7-4EE3-B01D-41B0E243136C}.Debug|Any CPU.ActiveCfg = Debug|Any CPU
		{EAC5DADD-08E7-4EE3-B01D-41B0E243136C}.Debug|Any CPU.Build.0 = Debug|Any CPU
		{EAC5DADD-08E7-4EE3-B01D-41B0E243136C}.Release|Any CPU.ActiveCfg = Release|Any CPU
		{EAC5DADD-08E7-4EE3-B01D-41B0E243136C}.Release|Any CPU.Build.0 = Release|Any CPU
	EndGlobalSection
	GlobalSection(SolutionProperties) = preSolution
		HideSolutionNode = FALSE
	EndGlobalSection
	GlobalSection(ExtensibilityGlobals) = postSolution
		SolutionGuid = {7A2D8994-1ECC-45C4-9581-FFA79F5821E2}
	EndGlobalSection
EndGlobal
